{
  "lockfileVersion": 1,
  "configVersion": 1,
  "workspaces": {
    "": {
      "name": "hbot-ts",
      "dependencies": {
        "@logtape/logtape": "^2.3.0",
        "@mtcute/bun": "^0.30.3",
        "@mtcute/core": "^0.30.3",
        "@mtcute/dispatcher": "^0.30.3",
        "@mtcute/html-parser": "0.30.3",
      },
      "devDependencies": {
        "@types/bun": "latest",
      },
      "peerDependencies": {
        "typescript": "^5",
      },
    },
  },
  "packages": {
    "@fuman/bun": ["@fuman/bun@0.0.20", "", { "dependencies": { "@fuman/io": "^0.0.20", "@fuman/net": "^0.0.20", "@fuman/utils": "^0.0.20" } }, "sha512-fqekVZNKZp/8zz92u5Kan1ickcCrthP6azvANmtfthRGbfynTzBqNScKBaN+CapnEVFk9OW7c4QmBXlCe9KnyQ=="],

    "@fuman/io": ["@fuman/io@0.0.20", "", { "dependencies": { "@fuman/utils": "^0.0.20" } }, "sha512-Nqr8aWzioAerCSOSSk0HtLrXkmZdrOJ2EQM07huIx4zXgxFbcNXoAVsILgRwgwVeXBVhyuLvbc7hT7km+yQtDw=="],

    "@fuman/net": ["@fuman/net@0.0.20", "", { "dependencies": { "@fuman/io": "^0.0.20", "@fuman/utils": "^0.0.20" } }, "sha512-JbMbrfiOUhXFdDMlqNLhCkpmeDOtncyop20FuNMWTgIY5PNVlYjZI8pyEC8gT2JswwtJkNe0jJzWemZiSJeZMw=="],

    "@fuman/utils": ["@fuman/utils@0.0.20", "", {}, "sha512-c/5W70NtLpeHB/mSytARaov3QGv9GaBidGtHX8LRKaul+J8gspmF6q5uQ9xAFEQEQwhAeHWoq78GEN2S5tiNZw=="],

    "@logtape/logtape": ["@logtape/logtape@2.3.0", "", {}, "sha512-s/pxCgf9Gg75ypTV/bRUq355Dy/JP/zUJWfgJQPO5pTkXC23X2AXBcmBBgFiWH+bSi4yiX/G06qGV8CdAWD3SA=="],

    "@mtcute/bun": ["@mtcute/bun@0.30.3", "", { "dependencies": { "@fuman/bun": "0.0.20", "@fuman/io": "0.0.20", "@fuman/net": "0.0.20", "@fuman/utils": "0.0.20", "@mtcute/core": "^0.30.3", "@mtcute/html-parser": "^0.30.3", "@mtcute/markdown-parser": "^0.30.3", "@mtcute/wasm": "^0.30.3" } }, "sha512-QWabEGRc9Quqb508yxNdQ1VIpQRxBfn8kZyr1BaxLRm78EENL6oBormjuD2JWbz+v7ucnzkO/wHW5ewpu3lY6w=="],

    "@mtcute/core": ["@mtcute/core@0.30.3", "", { "dependencies": { "@fuman/io": "0.0.20", "@fuman/net": "0.0.20", "@fuman/utils": "0.0.20", "@mtcute/file-id": "^0.30.3", "@mtcute/tl-runtime": "^0.30.3", "@types/events": "3.0.0", "long": "^5.3.2" } }, "sha512-helxt1D38PoL/srtoXye654Q9m5/tBJczAKdnLQo7XQpIL6MsbKBvO646bEF7dlyDMG5F87Z6euOEqvxfTOm7w=="],

    "@mtcute/dispatcher": ["@mtcute/dispatcher@0.30.3", "", { "dependencies": { "@fuman/utils": "0.0.20", "@mtcute/core": "^0.30.3" } }, "sha512-WZ8HCIVSwubpe9h6QF5goqu2qOO8/e0aLv5b/NFAfbV9NFK3dla3mMDYeOU/nbCDnMI1rn7MnGBOucbJ0BWaow=="],

    "@mtcute/file-id": ["@mtcute/file-id@0.30.3", "", { "dependencies": { "@fuman/utils": "0.0.20", "@mtcute/tl-runtime": "^0.30.3", "long": "^5.3.2" } }, "sha512-/vfhsIdo04+UEhZDMSgdwnPWHpb3jSb3U/kapjIiq19eHCiisJFhtnUHxGrlcO6KFHbPbShcFET9kd9l5okl1A=="],

    "@mtcute/html-parser": ["@mtcute/html-parser@0.30.3", "", { "dependencies": { "@mtcute/core": "^0.30.3", "htmlparser2": "^10.0.0", "long": "^5.3.2" } }, "sha512-/Jik4AUtG5F1SPr5z37fF+tI3nPvrlcI9hrVIrYpZMUTYjBHQPdcWv7dO5R5/2d2ZgZTid8t7A3YHeANZArB7w=="],

    "@mtcute/markdown-parser": ["@mtcute/markdown-parser@0.30.3", "", { "dependencies": { "@mtcute/core": "^0.30.3", "long": "^5.3.2" } }, "sha512-EWGSQ6mKpGr4iPpl6Yhr6VCx511JK6TnBIFqXm9N/DlO/u9fXrFfnpTlsq5kdMJKczRmTPXNx+A5EUX3kS1kvQ=="],

    "@mtcute/tl-runtime": ["@mtcute/tl-runtime@0.30.3", "", { "dependencies": { "@fuman/utils": "0.0.20", "long": "^5.3.2" } }, "sha512-cIlgYxU5s0XJNJWnmNYnRHSNsgTJxLOHyXkLbQX+UkbX7TfCubiyyCwxvWwrM4IjHlDUgIhti23+JDBS+O1oKQ=="],

    "@mtcute/wasm": ["@mtcute/wasm@0.30.3", "", {}, "sha512-HYd1spcP10xUfECmFlvCJXcxMbZ89dq+FNtgHOBqYM1w0Udncg4hY8/bE+pWFwowD2QjnHDzvKrwokW/IsZURQ=="],

    "@types/bun": ["@types/bun@1.3.14", "", { "dependencies": { "bun-types": "1.3.14" } }, "sha512-h1hFqFVcvAvD9j9K7ZW7vd82aSA+rTdznZa+5bwvCwqSB1jmmfLcbIWhOLx1/+boy/xmjgCs/OMUL8hRJSmnPw=="],

    "@types/events": ["@types/events@3.0.0", "", {}, "sha512-EaObqwIvayI5a8dCzhFrjKzVwKLxjoG9T6Ppd5CEo07LRKfQ8Yokw54r5+Wq7FaBQ+yXRvQAYPrHwya1/UFt9g=="],

    "@types/node": ["@types/node@26.1.0", "", { "dependencies": { "undici-types": "~8.3.0" } }, "sha512-O0A1G3xPGy4w7AgQdAQYUlQ+BKk2Oovw8eRpofyp5KdBZULnbe+WqaOVNrm705SHphCiG4XHsACrSmPu1f+Kgw=="],

    "bun-types": ["bun-types@1.3.14", "", { "dependencies": { "@types/node": "*" } }, "sha512-4N0ig0fEomHt5R0KCFWjovxow98rIoRwKolrYdCcknNwMekCXRnWEUvgu5soYV8QXtVsrUD8B95MBOZGPvr6KQ=="],

    "dom-serializer": ["dom-serializer@2.0.0", "", { "dependencies": { "domelementtype": "^2.3.0", "domhandler": "^5.0.2", "entities": "^4.2.0" } }, "sha512-wIkAryiqt/nV5EQKqQpo3SToSOV9J0DnbJqwK7Wv/Trc92zIAYZ4FlMu+JPFW1DfGFt81ZTCGgDEabffXeLyJg=="],

    "domelementtype": ["domelementtype@2.3.0", "", {}, "sha512-OLETBj6w0OsagBwdXnPdN0cnMfF9opN69co+7ZrbfPGrdpPVNBUj02spi6B1N7wChLQiPn4CSH/zJvXw56gmHw=="],

    "domhandler": ["domhandler@5.0.3", "", { "dependencies": { "domelementtype": "^2.3.0" } }, "sha512-cgwlv/1iFQiFnU96XXgROh8xTeetsnJiDsTc7TYCLFd9+/WNkIqPTxiM/8pSd8VIrhXGTf1Ny1q1hquVqDJB5w=="],

    "domutils": ["domutils@3.2.2", "", { "dependencies": { "dom-serializer": "^2.0.0", "domelementtype": "^2.3.0", "domhandler": "^5.0.3" } }, "sha512-6kZKyUajlDuqlHKVX1w7gyslj9MPIXzIFiz/rGu35uC1wMi+kMhQwGhl4lt9unC9Vb9INnY9Z3/ZA3+FhASLaw=="],

    "entities": ["entities@7.0.1", "", {}, "sha512-TWrgLOFUQTH994YUyl1yT4uyavY5nNB5muff+RtWaqNVCAK408b5ZnnbNAUEWLTCpum9w6arT70i1XdQ4UeOPA=="],

    "htmlparser2": ["htmlparser2@10.1.0", "", { "dependencies": { "domelementtype": "^2.3.0", "domhandler": "^5.0.3", "domutils": "^3.2.2", "entities": "^7.0.1" } }, "sha512-VTZkM9GWRAtEpveh7MSF6SjjrpNVNNVJfFup7xTY3UpFtm67foy9HDVXneLtFVt4pMz5kZtgNcvCniNFb1hlEQ=="],

    "long": ["long@5.3.2", "", {}, "sha512-mNAgZ1GmyNhD7AuqnTG3/VQ26o760+ZYBPKjPvugO8+nLbYfX6TVpJPseBvopbdY+qpZ/lKUnmEc1LeZYS3QAA=="],

    "typescript": ["typescript@5.9.3", "", { "bin": { "tsc": "bin/tsc", "tsserver": "bin/tsserver" } }, "sha512-jl1vZzPDinLr9eUt3J/t7V6FgNEw9QjvBPdysz9KfQDD41fQrC2Y4vKQdiaUpFT4bXlb1RHhLpp8wtm6M5TgSw=="],

    "undici-types": ["undici-types@8.3.0", "", {}, "sha512-j375ScV60dom+YkPFIfTLcOiPxkN/buHz5GobjLhixFuANaNs3C9l4GmrWqejgXWJ7BbJcFYpTEUkS1Ge8bpZQ=="],

    "dom-serializer/entities": ["entities@4.5.0", "", {}, "sha512-V0hjH4dGPh9Ao5p0MoRY6BVqtwCjhz6vI5LT8AJ55H+4g9/4vbHx1I54fS0XuclLhDHArPQCiMjDxjaL8fPxhw=="],
  }
}
